// !$*UTF8*$!
{
	archiveVersion = 1;
	classes = {
	};
	objectVersion = 56;
	objects = {

/* Begin PBXBuildFile section */
		93350E082A5C200D00FB8C8F /* AppDelegate.swift in Sources */ = {isa = PBXBuildFile; fileRef = 93350E072A5C200D00FB8C8F /* AppDelegate.swift */; };
		93350E0A2A5C200D00FB8C8F /* SceneDelegate.swift in Sources */ = {isa = PBXBuildFile; fileRef = 93350E092A5C200D00FB8C8F /* SceneDelegate.swift */; };
		93350E0F2A5C200D00FB8C8F /* GenreList.storyboard in Resources */ = {isa = PBXBuildFile; fileRef = 93350E0D2A5C200D00FB8C8F /* GenreList.storyboard */; };
		93350E142A5C200F00FB8C8F /* Assets.xcassets in Resources */ = {isa = PBXBuildFile; fileRef = 93350E132A5C200F00FB8C8F /* Assets.xcassets */; };
		93350E172A5C200F00FB8C8F /* LaunchScreen.storyboard in Resources */ = {isa = PBXBuildFile; fileRef = 93350E152A5C200F00FB8C8F /* LaunchScreen.storyboard */; };
		93350E222A5C200F00FB8C8F /* deezer_music_appTests.swift in Sources */ = {isa = PBXBuildFile; fileRef = 93350E212A5C200F00FB8C8F /* deezer_music_appTests.swift */; };
		93350E2C2A5C200F00FB8C8F /* deezer_music_appUITests.swift in Sources */ = {isa = PBXBuildFile; fileRef = 93350E2B2A5C200F00FB8C8F /* deezer_music_appUITests.swift */; };
		93350E2E2A5C200F00FB8C8F /* deezer_music_appUITestsLaunchTests.swift in Sources */ = {isa = PBXBuildFile; fileRef = 93350E2D2A5C200F00FB8C8F /* deezer_music_appUITestsLaunchTests.swift */; };
		93350E462A5C216300FB8C8F /* GenreListViewController.swift in Sources */ = {isa = PBXBuildFile; fileRef = 93350E452A5C216300FB8C8F /* GenreListViewController.swift */; };
		93350E4C2A5C219B00FB8C8F /* GenreListViewModel.swift in Sources */ = {isa = PBXBuildFile; fileRef = 93350E4B2A5C219B00FB8C8F /* GenreListViewModel.swift */; };
		93350E5E2A5C2C7E00FB8C8F /* CategoryCollectionViewCell.swift in Sources */ = {isa = PBXBuildFile; fileRef = 93350E5C2A5C2C7E00FB8C8F /* CategoryCollectionViewCell.swift */; };
		93350E5F2A5C2C7E00FB8C8F /* CategoryCollectionViewCell.xib in Resources */ = {isa = PBXBuildFile; fileRef = 93350E5D2A5C2C7E00FB8C8F /* CategoryCollectionViewCell.xib */; };
		93350E632A5C2FB500FB8C8F /* GenreResponse.swift in Sources */ = {isa = PBXBuildFile; fileRef = 93350E622A5C2FB500FB8C8F /* GenreResponse.swift */; };
		93350E652A5C35A200FB8C8F /* Service.swift in Sources */ = {isa = PBXBuildFile; fileRef = 93350E642A5C35A200FB8C8F /* Service.swift */; };
		93350E672A5C35C500FB8C8F /* ServiceHelper.swift in Sources */ = {isa = PBXBuildFile; fileRef = 93350E662A5C35C500FB8C8F /* ServiceHelper.swift */; };
		93350E692A5C362E00FB8C8F /* GenreListService.swift in Sources */ = {isa = PBXBuildFile; fileRef = 93350E682A5C362E00FB8C8F /* GenreListService.swift */; };
		93350E6B2A5C363800FB8C8F /* GenreListHelper.swift in Sources */ = {isa = PBXBuildFile; fileRef = 93350E6A2A5C363800FB8C8F /* GenreListHelper.swift */; };
		93350E6D2A5C3DF100FB8C8F /* UICollectionView+Extension.swift in Sources */ = {isa = PBXBuildFile; fileRef = 93350E6C2A5C3DF100FB8C8F /* UICollectionView+Extension.swift */; };
		93350E712A5C8F7F00FB8C8F /* Storyboarded.swift in Sources */ = {isa = PBXBuildFile; fileRef = 93350E702A5C8F7F00FB8C8F /* Storyboarded.swift */; };
		93350E732A5C902F00FB8C8F /* GenreListCoordinator.swift in Sources */ = {isa = PBXBuildFile; fileRef = 93350E722A5C902F00FB8C8F /* GenreListCoordinator.swift */; };
		93350E7E2A5CB14700FB8C8F /* Artist.swift in Sources */ = {isa = PBXBuildFile; fileRef = 93350E7D2A5CB14700FB8C8F /* Artist.swift */; };
		93350E812A5D3D4E00FB8C8F /* Alamofire in Frameworks */ = {isa = PBXBuildFile; productRef = 93350E802A5D3D4E00FB8C8F /* Alamofire */; };
		93350E842A5D3DDF00FB8C8F /* Kingfisher in Frameworks */ = {isa = PBXBuildFile; productRef = 93350E832A5D3DDF00FB8C8F /* Kingfisher */; settings = {ATTRIBUTES = (Required, ); }; };
		93350ECC2A5DCF1000FB8C8F /* GenreListContract.swift in Sources */ = {isa = PBXBuildFile; fileRef = 93350ECB2A5DCF1000FB8C8F /* GenreListContract.swift */; };
		93350ED42A5EAE9D00FB8C8F /* TabbarController.swift in Sources */ = {isa = PBXBuildFile; fileRef = 93350ED32A5EAE9D00FB8C8F /* TabbarController.swift */; };
		93350EDB2A5ECD1900FB8C8F /* Coordinator.swift in Sources */ = {isa = PBXBuildFile; fileRef = 93350EDA2A5ECD1900FB8C8F /* Coordinator.swift */; };
		93350EDD2A5ECE9900FB8C8F /* TabbarCoordinator.swift in Sources */ = {isa = PBXBuildFile; fileRef = 93350EDC2A5ECE9900FB8C8F /* TabbarCoordinator.swift */; };
		93C421962A5F494D0069BE0C /* ArtistListCoordinator.swift in Sources */ = {isa = PBXBuildFile; fileRef = 93C421952A5F494C0069BE0C /* ArtistListCoordinator.swift */; };
		93C421982A5F49570069BE0C /* ArtistListContract.swift in Sources */ = {isa = PBXBuildFile; fileRef = 93C421972A5F49570069BE0C /* ArtistListContract.swift */; };
		93C4219A2A5F49630069BE0C /* ArtistListViewModel.swift in Sources */ = {isa = PBXBuildFile; fileRef = 93C421992A5F49630069BE0C /* ArtistListViewModel.swift */; };
		93C4219D2A5F49810069BE0C /* ArtistList.storyboard in Resources */ = {isa = PBXBuildFile; fileRef = 93C4219C2A5F49810069BE0C /* ArtistList.storyboard */; };
		93C421A02A5F499F0069BE0C /* ArtistListViewController.swift in Sources */ = {isa = PBXBuildFile; fileRef = 93C4219F2A5F499F0069BE0C /* ArtistListViewController.swift */; };
		93C421A32A5F58D90069BE0C /* ArtistListService.swift in Sources */ = {isa = PBXBuildFile; fileRef = 93C421A22A5F58D90069BE0C /* ArtistListService.swift */; };
		93C421A52A5F58E20069BE0C /* ArtistListHelper.swift in Sources */ = {isa = PBXBuildFile; fileRef = 93C421A42A5F58E20069BE0C /* ArtistListHelper.swift */; };
		93D3D21F2A60543B00064CC2 /* Constants.swift in Sources */ = {isa = PBXBuildFile; fileRef = 93D3D21E2A60543B00064CC2 /* Constants.swift */; };
		93D3D2212A60577A00064CC2 /* UIViewController + Extension.swift in Sources */ = {isa = PBXBuildFile; fileRef = 93D3D2202A60577A00064CC2 /* UIViewController + Extension.swift */; };
/* End PBXBuildFile section */

/* Begin PBXContainerItemProxy section */
		93350E1E2A5C200F00FB8C8F /* PBXContainerItemProxy */ = {
			isa = PBXContainerItemProxy;
			containerPortal = 93350DFC2A5C200D00FB8C8F /* Project object */;
			proxyType = 1;
			remoteGlobalIDString = 93350E032A5C200D00FB8C8F;
			remoteInfo = "deezer-music-app";
		};
		93350E282A5C200F00FB8C8F /* PBXContainerItemProxy */ = {
			isa = PBXContainerItemProxy;
			containerPortal = 93350DFC2A5C200D00FB8C8F /* Project object */;
			proxyType = 1;
			remoteGlobalIDString = 93350E032A5C200D00FB8C8F;
			remoteInfo = "deezer-music-app";
		};
/* End PBXContainerItemProxy section */

/* Begin PBXFileReference section */
		93350E042A5C200D00FB8C8F /* deezer-music-app.app */ = {isa = PBXFileReference; explicitFileType = wrapper.application; includeInIndex = 0; path = "deezer-music-app.app"; sourceTree = BUILT_PRODUCTS_DIR; };
		93350E072A5C200D00FB8C8F /* AppDelegate.swift */ = {isa = PBXFileReference; lastKnownFileType = sourcecode.swift; path = AppDelegate.swift; sourceTree = "<group>"; };
		93350E092A5C200D00FB8C8F /* SceneDelegate.swift */ = {isa = PBXFileReference; lastKnownFileType = sourcecode.swift; path = SceneDelegate.swift; sourceTree = "<group>"; };
		93350E0E2A5C200D00FB8C8F /* Base */ = {isa = PBXFileReference; lastKnownFileType = file.storyboard; name = Base; path = Base.lproj/GenreList.storyboard; sourceTree = "<group>"; };
		93350E132A5C200F00FB8C8F /* Assets.xcassets */ = {isa = PBXFileReference; lastKnownFileType = folder.assetcatalog; path = Assets.xcassets; sourceTree = "<group>"; };
		93350E162A5C200F00FB8C8F /* Base */ = {isa = PBXFileReference; lastKnownFileType = file.storyboard; name = Base; path = Base.lproj/LaunchScreen.storyboard; sourceTree = "<group>"; };
		93350E182A5C200F00FB8C8F /* Info.plist */ = {isa = PBXFileReference; lastKnownFileType = text.plist.xml; path = Info.plist; sourceTree = "<group>"; };
		93350E1D2A5C200F00FB8C8F /* deezer-music-appTests.xctest */ = {isa = PBXFileReference; explicitFileType = wrapper.cfbundle; includeInIndex = 0; path = "deezer-music-appTests.xctest"; sourceTree = BUILT_PRODUCTS_DIR; };
		93350E212A5C200F00FB8C8F /* deezer_music_appTests.swift */ = {isa = PBXFileReference; lastKnownFileType = sourcecode.swift; path = deezer_music_appTests.swift; sourceTree = "<group>"; };
		93350E272A5C200F00FB8C8F /* deezer-music-appUITests.xctest */ = {isa = PBXFileReference; explicitFileType = wrapper.cfbundle; includeInIndex = 0; path = "deezer-music-appUITests.xctest"; sourceTree = BUILT_PRODUCTS_DIR; };
		93350E2B2A5C200F00FB8C8F /* deezer_music_appUITests.swift */ = {isa = PBXFileReference; lastKnownFileType = sourcecode.swift; path = deezer_music_appUITests.swift; sourceTree = "<group>"; };
		93350E2D2A5C200F00FB8C8F /* deezer_music_appUITestsLaunchTests.swift */ = {isa = PBXFileReference; lastKnownFileType = sourcecode.swift; path = deezer_music_appUITestsLaunchTests.swift; sourceTree = "<group>"; };
		93350E452A5C216300FB8C8F /* GenreListViewController.swift */ = {isa = PBXFileReference; lastKnownFileType = sourcecode.swift; path = GenreListViewController.swift; sourceTree = "<group>"; };
		93350E4B2A5C219B00FB8C8F /* GenreListViewModel.swift */ = {isa = PBXFileReference; lastKnownFileType = sourcecode.swift; path = GenreListViewModel.swift; sourceTree = "<group>"; };
		93350E582A5C264400FB8C8F /* Inter-Regular.ttf */ = {isa = PBXFileReference; lastKnownFileType = file; path = "Inter-Regular.ttf"; sourceTree = "<group>"; };
		93350E592A5C264400FB8C8F /* Inter-Medium.ttf */ = {isa = PBXFileReference; lastKnownFileType = file; path = "Inter-Medium.ttf"; sourceTree = "<group>"; };
		93350E5A2A5C264400FB8C8F /* Inter-Bold.ttf */ = {isa = PBXFileReference; lastKnownFileType = file; path = "Inter-Bold.ttf"; sourceTree = "<group>"; };
		93350E5B2A5C264D00FB8C8F /* Inter-SemiBold.ttf */ = {isa = PBXFileReference; lastKnownFileType = file; path = "Inter-SemiBold.ttf"; sourceTree = "<group>"; };
		93350E5C2A5C2C7E00FB8C8F /* CategoryCollectionViewCell.swift */ = {isa = PBXFileReference; lastKnownFileType = sourcecode.swift; path = CategoryCollectionViewCell.swift; sourceTree = "<group>"; };
		93350E5D2A5C2C7E00FB8C8F /* CategoryCollectionViewCell.xib */ = {isa = PBXFileReference; lastKnownFileType = file.xib; path = CategoryCollectionViewCell.xib; sourceTree = "<group>"; };
		93350E622A5C2FB500FB8C8F /* GenreResponse.swift */ = {isa = PBXFileReference; lastKnownFileType = sourcecode.swift; path = GenreResponse.swift; sourceTree = "<group>"; };
		93350E642A5C35A200FB8C8F /* Service.swift */ = {isa = PBXFileReference; lastKnownFileType = sourcecode.swift; path = Service.swift; sourceTree = "<group>"; };
		93350E662A5C35C500FB8C8F /* ServiceHelper.swift */ = {isa = PBXFileReference; lastKnownFileType = sourcecode.swift; path = ServiceHelper.swift; sourceTree = "<group>"; };
		93350E682A5C362E00FB8C8F /* GenreListService.swift */ = {isa = PBXFileReference; lastKnownFileType = sourcecode.swift; path = GenreListService.swift; sourceTree = "<group>"; };
		93350E6A2A5C363800FB8C8F /* GenreListHelper.swift */ = {isa = PBXFileReference; lastKnownFileType = sourcecode.swift; path = GenreListHelper.swift; sourceTree = "<group>"; };
		93350E6C2A5C3DF100FB8C8F /* UICollectionView+Extension.swift */ = {isa = PBXFileReference; lastKnownFileType = sourcecode.swift; path = "UICollectionView+Extension.swift"; sourceTree = "<group>"; };
		93350E702A5C8F7F00FB8C8F /* Storyboarded.swift */ = {isa = PBXFileReference; lastKnownFileType = sourcecode.swift; path = Storyboarded.swift; sourceTree = "<group>"; };
		93350E722A5C902F00FB8C8F /* GenreListCoordinator.swift */ = {isa = PBXFileReference; lastKnownFileType = sourcecode.swift; path = GenreListCoordinator.swift; sourceTree = "<group>"; };
		93350E7D2A5CB14700FB8C8F /* Artist.swift */ = {isa = PBXFileReference; lastKnownFileType = sourcecode.swift; path = Artist.swift; sourceTree = "<group>"; };
		93350ECB2A5DCF1000FB8C8F /* GenreListContract.swift */ = {isa = PBXFileReference; lastKnownFileType = sourcecode.swift; path = GenreListContract.swift; sourceTree = "<group>"; };
		93350ED32A5EAE9D00FB8C8F /* TabbarController.swift */ = {isa = PBXFileReference; lastKnownFileType = sourcecode.swift; path = TabbarController.swift; sourceTree = "<group>"; };
		93350EDA2A5ECD1900FB8C8F /* Coordinator.swift */ = {isa = PBXFileReference; lastKnownFileType = sourcecode.swift; path = Coordinator.swift; sourceTree = "<group>"; };
		93350EDC2A5ECE9900FB8C8F /* TabbarCoordinator.swift */ = {isa = PBXFileReference; lastKnownFileType = sourcecode.swift; path = TabbarCoordinator.swift; sourceTree = "<group>"; };
		93C421952A5F494C0069BE0C /* ArtistListCoordinator.swift */ = {isa = PBXFileReference; lastKnownFileType = sourcecode.swift; path = ArtistListCoordinator.swift; sourceTree = "<group>"; };
		93C421972A5F49570069BE0C /* ArtistListContract.swift */ = {isa = PBXFileReference; lastKnownFileType = sourcecode.swift; path = ArtistListContract.swift; sourceTree = "<group>"; };
		93C421992A5F49630069BE0C /* ArtistListViewModel.swift */ = {isa = PBXFileReference; lastKnownFileType = sourcecode.swift; path = ArtistListViewModel.swift; sourceTree = "<group>"; };
		93C4219C2A5F49810069BE0C /* ArtistList.storyboard */ = {isa = PBXFileReference; lastKnownFileType = file.storyboard; path = ArtistList.storyboard; sourceTree = "<group>"; };
		93C4219F2A5F499F0069BE0C /* ArtistListViewController.swift */ = {isa = PBXFileReference; lastKnownFileType = sourcecode.swift; path = ArtistListViewController.swift; sourceTree = "<group>"; };
		93C421A22A5F58D90069BE0C /* ArtistListService.swift */ = {isa = PBXFileReference; lastKnownFileType = sourcecode.swift; path = ArtistListService.swift; sourceTree = "<group>"; };
		93C421A42A5F58E20069BE0C /* ArtistListHelper.swift */ = {isa = PBXFileReference; lastKnownFileType = sourcecode.swift; path = ArtistListHelper.swift; sourceTree = "<group>"; };
		93D3D21E2A60543B00064CC2 /* Constants.swift */ = {isa = PBXFileReference; lastKnownFileType = sourcecode.swift; path = Constants.swift; sourceTree = "<group>"; };
		93D3D2202A60577A00064CC2 /* UIViewController + Extension.swift */ = {isa = PBXFileReference; lastKnownFileType = sourcecode.swift; path = "UIViewController + Extension.swift"; sourceTree = "<group>"; };
/* End PBXFileReference section */

/* Begin PBXFrameworksBuildPhase section */
		93350E012A5C200D00FB8C8F /* Frameworks */ = {
			isa = PBXFrameworksBuildPhase;
			buildActionMask = 2147483647;
			files = (
				93350E842A5D3DDF00FB8C8F /* Kingfisher in Frameworks */,
				93350E812A5D3D4E00FB8C8F /* Alamofire in Frameworks */,
			);
			runOnlyForDeploymentPostprocessing = 0;
		};
		93350E1A2A5C200F00FB8C8F /* Frameworks */ = {
			isa = PBXFrameworksBuildPhase;
			buildActionMask = 2147483647;
			files = (
			);
			runOnlyForDeploymentPostprocessing = 0;
		};
		93350E242A5C200F00FB8C8F /* Frameworks */ = {
			isa = PBXFrameworksBuildPhase;
			buildActionMask = 2147483647;
			files = (
			);
			runOnlyForDeploymentPostprocessing = 0;
		};
/* End PBXFrameworksBuildPhase section */

/* Begin PBXGroup section */
		93350DFB2A5C200D00FB8C8F = {
			isa = PBXGroup;
			children = (
				93350E062A5C200D00FB8C8F /* deezer-music-app */,
				93350E202A5C200F00FB8C8F /* deezer-music-appTests */,
				93350E2A2A5C200F00FB8C8F /* deezer-music-appUITests */,
				93350E052A5C200D00FB8C8F /* Products */,
			);
			sourceTree = "<group>";
		};
		93350E052A5C200D00FB8C8F /* Products */ = {
			isa = PBXGroup;
			children = (
				93350E042A5C200D00FB8C8F /* deezer-music-app.app */,
				93350E1D2A5C200F00FB8C8F /* deezer-music-appTests.xctest */,
				93350E272A5C200F00FB8C8F /* deezer-music-appUITests.xctest */,
			);
			name = Products;
			sourceTree = "<group>";
		};
		93350E062A5C200D00FB8C8F /* deezer-music-app */ = {
			isa = PBXGroup;
			children = (
				93350E072A5C200D00FB8C8F /* AppDelegate.swift */,
				93350E092A5C200D00FB8C8F /* SceneDelegate.swift */,
				93350E3C2A5C208A00FB8C8F /* Utils */,
				93350E552A5C253900FB8C8F /* Coordinators */,
				93350E612A5C2FA000FB8C8F /* Models */,
				93350E3A2A5C206E00FB8C8F /* Services */,
				93350E3B2A5C207300FB8C8F /* Scenes */,
				93350E132A5C200F00FB8C8F /* Assets.xcassets */,
				93350E152A5C200F00FB8C8F /* LaunchScreen.storyboard */,
				93350E182A5C200F00FB8C8F /* Info.plist */,
			);
			path = "deezer-music-app";
			sourceTree = "<group>";
		};
		93350E202A5C200F00FB8C8F /* deezer-music-appTests */ = {
			isa = PBXGroup;
			children = (
				93350E212A5C200F00FB8C8F /* deezer_music_appTests.swift */,
			);
			path = "deezer-music-appTests";
			sourceTree = "<group>";
		};
		93350E2A2A5C200F00FB8C8F /* deezer-music-appUITests */ = {
			isa = PBXGroup;
			children = (
				93350E2B2A5C200F00FB8C8F /* deezer_music_appUITests.swift */,
				93350E2D2A5C200F00FB8C8F /* deezer_music_appUITestsLaunchTests.swift */,
			);
			path = "deezer-music-appUITests";
			sourceTree = "<group>";
		};
		93350E3A2A5C206E00FB8C8F /* Services */ = {
			isa = PBXGroup;
			children = (
				93350E662A5C35C500FB8C8F /* ServiceHelper.swift */,
				93350E642A5C35A200FB8C8F /* Service.swift */,
				93350E602A5C2CB500FB8C8F /* GenreListService */,
				93C421A12A5F58B60069BE0C /* ArtistListService */,
			);
			path = Services;
			sourceTree = "<group>";
		};
		93350E3B2A5C207300FB8C8F /* Scenes */ = {
			isa = PBXGroup;
			children = (
				93350EDE2A5ECE9F00FB8C8F /* Tabbar */,
				93350E402A5C213B00FB8C8F /* GenreList */,
				93C421942A5F49340069BE0C /* ArtistList */,
			);
			path = Scenes;
			sourceTree = "<group>";
		};
		93350E3C2A5C208A00FB8C8F /* Utils */ = {
			isa = PBXGroup;
			children = (
				93D3D21D2A60543100064CC2 /* Constants */,
				93350E572A5C263200FB8C8F /* Font */,
				93350E562A5C257E00FB8C8F /* Extensions */,
			);
			path = Utils;
			sourceTree = "<group>";
		};
		93350E402A5C213B00FB8C8F /* GenreList */ = {
			isa = PBXGroup;
			children = (
				93350E722A5C902F00FB8C8F /* GenreListCoordinator.swift */,
				93350ECB2A5DCF1000FB8C8F /* GenreListContract.swift */,
				93350E4B2A5C219B00FB8C8F /* GenreListViewModel.swift */,
				93350E422A5C214D00FB8C8F /* View */,
			);
			path = GenreList;
			sourceTree = "<group>";
		};
		93350E422A5C214D00FB8C8F /* View */ = {
			isa = PBXGroup;
			children = (
				93350E0D2A5C200D00FB8C8F /* GenreList.storyboard */,
				93350E452A5C216300FB8C8F /* GenreListViewController.swift */,
				93350E532A5C24BD00FB8C8F /* Cell */,
			);
			path = View;
			sourceTree = "<group>";
		};
		93350E532A5C24BD00FB8C8F /* Cell */ = {
			isa = PBXGroup;
			children = (
				93350E5C2A5C2C7E00FB8C8F /* CategoryCollectionViewCell.swift */,
				93350E5D2A5C2C7E00FB8C8F /* CategoryCollectionViewCell.xib */,
			);
			path = Cell;
			sourceTree = "<group>";
		};
		93350E552A5C253900FB8C8F /* Coordinators */ = {
			isa = PBXGroup;
			children = (
				93350EDA2A5ECD1900FB8C8F /* Coordinator.swift */,
				93350E702A5C8F7F00FB8C8F /* Storyboarded.swift */,
			);
			path = Coordinators;
			sourceTree = "<group>";
		};
		93350E562A5C257E00FB8C8F /* Extensions */ = {
			isa = PBXGroup;
			children = (
				93350E6C2A5C3DF100FB8C8F /* UICollectionView+Extension.swift */,
				93D3D2202A60577A00064CC2 /* UIViewController + Extension.swift */,
			);
			path = Extensions;
			sourceTree = "<group>";
		};
		93350E572A5C263200FB8C8F /* Font */ = {
			isa = PBXGroup;
			children = (
				93350E5B2A5C264D00FB8C8F /* Inter-SemiBold.ttf */,
				93350E5A2A5C264400FB8C8F /* Inter-Bold.ttf */,
				93350E592A5C264400FB8C8F /* Inter-Medium.ttf */,
				93350E582A5C264400FB8C8F /* Inter-Regular.ttf */,
			);
			path = Font;
			sourceTree = "<group>";
		};
		93350E602A5C2CB500FB8C8F /* GenreListService */ = {
			isa = PBXGroup;
			children = (
				93350E682A5C362E00FB8C8F /* GenreListService.swift */,
				93350E6A2A5C363800FB8C8F /* GenreListHelper.swift */,
			);
			path = GenreListService;
			sourceTree = "<group>";
		};
		93350E612A5C2FA000FB8C8F /* Models */ = {
			isa = PBXGroup;
			children = (
				93350E622A5C2FB500FB8C8F /* GenreResponse.swift */,
				93350E7D2A5CB14700FB8C8F /* Artist.swift */,
			);
			path = Models;
			sourceTree = "<group>";
		};
		93350EDE2A5ECE9F00FB8C8F /* Tabbar */ = {
			isa = PBXGroup;
			children = (
				93350EDC2A5ECE9900FB8C8F /* TabbarCoordinator.swift */,
				93350ED32A5EAE9D00FB8C8F /* TabbarController.swift */,
			);
			path = Tabbar;
			sourceTree = "<group>";
		};
		93C421942A5F49340069BE0C /* ArtistList */ = {
			isa = PBXGroup;
			children = (
				93C421952A5F494C0069BE0C /* ArtistListCoordinator.swift */,
				93C421972A5F49570069BE0C /* ArtistListContract.swift */,
				93C421992A5F49630069BE0C /* ArtistListViewModel.swift */,
				93C4219B2A5F496C0069BE0C /* View */,
			);
			path = ArtistList;
			sourceTree = "<group>";
		};
		93C4219B2A5F496C0069BE0C /* View */ = {
			isa = PBXGroup;
			children = (
				93C4219C2A5F49810069BE0C /* ArtistList.storyboard */,
				93C4219F2A5F499F0069BE0C /* ArtistListViewController.swift */,
				93C4219E2A5F49900069BE0C /* Cell */,
			);
			path = View;
			sourceTree = "<group>";
		};
		93C4219E2A5F49900069BE0C /* Cell */ = {
			isa = PBXGroup;
			children = (
			);
			path = Cell;
			sourceTree = "<group>";
		};
		93C421A12A5F58B60069BE0C /* ArtistListService */ = {
			isa = PBXGroup;
			children = (
				93C421A22A5F58D90069BE0C /* ArtistListService.swift */,
				93C421A42A5F58E20069BE0C /* ArtistListHelper.swift */,
			);
			path = ArtistListService;
			sourceTree = "<group>";
		};
		93D3D21D2A60543100064CC2 /* Constants */ = {
			isa = PBXGroup;
			children = (
				93D3D21E2A60543B00064CC2 /* Constants.swift */,
			);
			path = Constants;
			sourceTree = "<group>";
		};
/* End PBXGroup section */

/* Begin PBXNativeTarget section */
		93350E032A5C200D00FB8C8F /* deezer-music-app */ = {
			isa = PBXNativeTarget;
			buildConfigurationList = 93350E312A5C200F00FB8C8F /* Build configuration list for PBXNativeTarget "deezer-music-app" */;
			buildPhases = (
				93350E002A5C200D00FB8C8F /* Sources */,
				93350E012A5C200D00FB8C8F /* Frameworks */,
				93350E022A5C200D00FB8C8F /* Resources */,
			);
			buildRules = (
			);
			dependencies = (
			);
			name = "deezer-music-app";
			packageProductDependencies = (
				93350E802A5D3D4E00FB8C8F /* Alamofire */,
				93350E832A5D3DDF00FB8C8F /* Kingfisher */,
			);
			productName = "deezer-music-app";
			productReference = 93350E042A5C200D00FB8C8F /* deezer-music-app.app */;
			productType = "com.apple.product-type.application";
		};
		93350E1C2A5C200F00FB8C8F /* deezer-music-appTests */ = {
			isa = PBXNativeTarget;
			buildConfigurationList = 93350E342A5C200F00FB8C8F /* Build configuration list for PBXNativeTarget "deezer-music-appTests" */;
			buildPhases = (
				93350E192A5C200F00FB8C8F /* Sources */,
				93350E1A2A5C200F00FB8C8F /* Frameworks */,
				93350E1B2A5C200F00FB8C8F /* Resources */,
			);
			buildRules = (
			);
			dependencies = (
				93350E1F2A5C200F00FB8C8F /* PBXTargetDependency */,
			);
			name = "deezer-music-appTests";
			productName = "deezer-music-appTests";
			productReference = 93350E1D2A5C200F00FB8C8F /* deezer-music-appTests.xctest */;
			productType = "com.apple.product-type.bundle.unit-test";
		};
		93350E262A5C200F00FB8C8F /* deezer-music-appUITests */ = {
			isa = PBXNativeTarget;
			buildConfigurationList = 93350E372A5C200F00FB8C8F /* Build configuration list for PBXNativeTarget "deezer-music-appUITests" */;
			buildPhases = (
				93350E232A5C200F00FB8C8F /* Sources */,
				93350E242A5C200F00FB8C8F /* Frameworks */,
				93350E252A5C200F00FB8C8F /* Resources */,
			);
			buildRules = (
			);
			dependencies = (
				93350E292A5C200F00FB8C8F /* PBXTargetDependency */,
			);
			name = "deezer-music-appUITests";
			productName = "deezer-music-appUITests";
			productReference = 93350E272A5C200F00FB8C8F /* deezer-music-appUITests.xctest */;
			productType = "com.apple.product-type.bundle.ui-testing";
		};
/* End PBXNativeTarget section */

/* Begin PBXProject section */
		93350DFC2A5C200D00FB8C8F /* Project object */ = {
			isa = PBXProject;
			attributes = {
				BuildIndependentTargetsInParallel = 1;
				LastSwiftUpdateCheck = 1430;
				LastUpgradeCheck = 1430;
				TargetAttributes = {
					93350E032A5C200D00FB8C8F = {
						CreatedOnToolsVersion = 14.3.1;
					};
					93350E1C2A5C200F00FB8C8F = {
						CreatedOnToolsVersion = 14.3.1;
						TestTargetID = 93350E032A5C200D00FB8C8F;
					};
					93350E262A5C200F00FB8C8F = {
						CreatedOnToolsVersion = 14.3.1;
						TestTargetID = 93350E032A5C200D00FB8C8F;
					};
				};
			};
			buildConfigurationList = 93350DFF2A5C200D00FB8C8F /* Build configuration list for PBXProject "deezer-music-app" */;
			compatibilityVersion = "Xcode 14.0";
			developmentRegion = en;
			hasScannedForEncodings = 0;
			knownRegions = (
				en,
				Base,
			);
			mainGroup = 93350DFB2A5C200D00FB8C8F;
			packageReferences = (
				93350E7F2A5D3D4E00FB8C8F /* XCRemoteSwiftPackageReference "Alamofire" */,
				93350E822A5D3DDF00FB8C8F /* XCRemoteSwiftPackageReference "Kingfisher" */,
			);
			productRefGroup = 93350E052A5C200D00FB8C8F /* Products */;
			projectDirPath = "";
			projectRoot = "";
			targets = (
				93350E032A5C200D00FB8C8F /* deezer-music-app */,
				93350E1C2A5C200F00FB8C8F /* deezer-music-appTests */,
				93350E262A5C200F00FB8C8F /* deezer-music-appUITests */,
			);
		};
/* End PBXProject section */

/* Begin PBXResourcesBuildPhase section */
		93350E022A5C200D00FB8C8F /* Resources */ = {
			isa = PBXResourcesBuildPhase;
			buildActionMask = 2147483647;
			files = (
				93350E5F2A5C2C7E00FB8C8F /* CategoryCollectionViewCell.xib in Resources */,
				93350E172A5C200F00FB8C8F /* LaunchScreen.storyboard in Resources */,
				93350E142A5C200F00FB8C8F /* Assets.xcassets in Resources */,
				93350E0F2A5C200D00FB8C8F /* GenreList.storyboard in Resources */,
				93C4219D2A5F49810069BE0C /* ArtistList.storyboard in Resources */,
			);
			runOnlyForDeploymentPostprocessing = 0;
		};
		93350E1B2A5C200F00FB8C8F /* Resources */ = {
			isa = PBXResourcesBuildPhase;
			buildActionMask = 2147483647;
			files = (
			);
			runOnlyForDeploymentPostprocessing = 0;
		};
		93350E252A5C200F00FB8C8F /* Resources */ = {
			isa = PBXResourcesBuildPhase;
			buildActionMask = 2147483647;
			files = (
			);
			runOnlyForDeploymentPostprocessing = 0;
		};
/* End PBXResourcesBuildPhase section */

/* Begin PBXSourcesBuildPhase section */
		93350E002A5C200D00FB8C8F /* Sources */ = {
			isa = PBXSourcesBuildPhase;
			buildActionMask = 2147483647;
			files = (
				93350E652A5C35A200FB8C8F /* Service.swift in Sources */,
				93350E632A5C2FB500FB8C8F /* GenreResponse.swift in Sources */,
				93350E462A5C216300FB8C8F /* GenreListViewController.swift in Sources */,
				93350ECC2A5DCF1000FB8C8F /* GenreListContract.swift in Sources */,
				93350ED42A5EAE9D00FB8C8F /* TabbarController.swift in Sources */,
				93350E4C2A5C219B00FB8C8F /* GenreListViewModel.swift in Sources */,
				93D3D21F2A60543B00064CC2 /* Constants.swift in Sources */,
				93350E6D2A5C3DF100FB8C8F /* UICollectionView+Extension.swift in Sources */,
				93C421A02A5F499F0069BE0C /* ArtistListViewController.swift in Sources */,
				93D3D2212A60577A00064CC2 /* UIViewController + Extension.swift in Sources */,
				93350EDD2A5ECE9900FB8C8F /* TabbarCoordinator.swift in Sources */,
				93C421A32A5F58D90069BE0C /* ArtistListService.swift in Sources */,
				93C421A52A5F58E20069BE0C /* ArtistListHelper.swift in Sources */,
				93350E712A5C8F7F00FB8C8F /* Storyboarded.swift in Sources */,
				93350E7E2A5CB14700FB8C8F /* Artist.swift in Sources */,
				93350E5E2A5C2C7E00FB8C8F /* CategoryCollectionViewCell.swift in Sources */,
				93C421962A5F494D0069BE0C /* ArtistListCoordinator.swift in Sources */,
				93350E692A5C362E00FB8C8F /* GenreListService.swift in Sources */,
				93350E6B2A5C363800FB8C8F /* GenreListHelper.swift in Sources */,
				93350EDB2A5ECD1900FB8C8F /* Coordinator.swift in Sources */,
				93350E082A5C200D00FB8C8F /* AppDelegate.swift in Sources */,
				93C421982A5F49570069BE0C /* ArtistListContract.swift in Sources */,
				93350E0A2A5C200D00FB8C8F /* SceneDelegate.swift in Sources */,
				93350E732A5C902F00FB8C8F /* GenreListCoordinator.swift in Sources */,
				93350E672A5C35C500FB8C8F /* ServiceHelper.swift in Sources */,
				93C4219A2A5F49630069BE0C /* ArtistListViewModel.swift in Sources */,
			);
			runOnlyForDeploymentPostprocessing = 0;
		};
		93350E192A5C200F00FB8C8F /* Sources */ = {
			isa = PBXSourcesBuildPhase;
			buildActionMask = 2147483647;
			files = (
				93350E222A5C200F00FB8C8F /* deezer_music_appTests.swift in Sources */,
			);
			runOnlyForDeploymentPostprocessing = 0;
		};
		93350E232A5C200F00FB8C8F /* Sources */ = {
			isa = PBXSourcesBuildPhase;
			buildActionMask = 2147483647;
			files = (
				93350E2C2A5C200F00FB8C8F /* deezer_music_appUITests.swift in Sources */,
				93350E2E2A5C200F00FB8C8F /* deezer_music_appUITestsLaunchTests.swift in Sources */,
			);
			runOnlyForDeploymentPostprocessing = 0;
		};
/* End PBXSourcesBuildPhase section */

/* Begin PBXTargetDependency section */
		93350E1F2A5C200F00FB8C8F /* PBXTargetDependency */ = {
			isa = PBXTargetDependency;
			target = 93350E032A5C200D00FB8C8F /* deezer-music-app */;
			targetProxy = 93350E1E2A5C200F00FB8C8F /* PBXContainerItemProxy */;
		};
		93350E292A5C200F00FB8C8F /* PBXTargetDependency */ = {
			isa = PBXTargetDependency;
			target = 93350E032A5C200D00FB8C8F /* deezer-music-app */;
			targetProxy = 93350E282A5C200F00FB8C8F /* PBXContainerItemProxy */;
		};
/* End PBXTargetDependency section */

/* Begin PBXVariantGroup section */
		93350E0D2A5C200D00FB8C8F /* GenreList.storyboard */ = {
			isa = PBXVariantGroup;
			children = (
				93350E0E2A5C200D00FB8C8F /* Base */,
			);
			name = GenreList.storyboard;
			sourceTree = "<group>";
		};
		93350E152A5C200F00FB8C8F /* LaunchScreen.storyboard */ = {
			isa = PBXVariantGroup;
			children = (
				93350E162A5C200F00FB8C8F /* Base */,
			);
			name = LaunchScreen.storyboard;
			sourceTree = "<group>";
		};
/* End PBXVariantGroup section */

/* Begin XCBuildConfiguration section */
		93350E2F2A5C200F00FB8C8F /* Debug */ = {
			isa = XCBuildConfiguration;
			buildSettings = {
				ALWAYS_SEARCH_USER_PATHS = NO;
				CLANG_ANALYZER_NONNULL = YES;
				CLANG_ANALYZER_NUMBER_OBJECT_CONVERSION = YES_AGGRESSIVE;
				CLANG_CXX_LANGUAGE_STANDARD = "gnu++20";
				CLANG_ENABLE_MODULES = YES;
				CLANG_ENABLE_OBJC_ARC = YES;
				CLANG_ENABLE_OBJC_WEAK = YES;
				CLANG_WARN_BLOCK_CAPTURE_AUTORELEASING = YES;
				CLANG_WARN_BOOL_CONVERSION = YES;
				CLANG_WARN_COMMA = YES;
				CLANG_WARN_CONSTANT_CONVERSION = YES;
				CLANG_WARN_DEPRECATED_OBJC_IMPLEMENTATIONS = YES;
				CLANG_WARN_DIRECT_OBJC_ISA_USAGE = YES_ERROR;
				CLANG_WARN_DOCUMENTATION_COMMENTS = YES;
				CLANG_WARN_EMPTY_BODY = YES;
				CLANG_WARN_ENUM_CONVERSION = YES;
				CLANG_WARN_INFINITE_RECURSION = YES;
				CLANG_WARN_INT_CONVERSION = YES;
				CLANG_WARN_NON_LITERAL_NULL_CONVERSION = YES;
				CLANG_WARN_OBJC_IMPLICIT_RETAIN_SELF = YES;
				CLANG_WARN_OBJC_LITERAL_CONVERSION = YES;
				CLANG_WARN_OBJC_ROOT_CLASS = YES_ERROR;
				CLANG_WARN_QUOTED_INCLUDE_IN_FRAMEWORK_HEADER = YES;
				CLANG_WARN_RANGE_LOOP_ANALYSIS = YES;
				CLANG_WARN_STRICT_PROTOTYPES = YES;
				CLANG_WARN_SUSPICIOUS_MOVE = YES;
				CLANG_WARN_UNGUARDED_AVAILABILITY = YES_AGGRESSIVE;
				CLANG_WARN_UNREACHABLE_CODE = YES;
				CLANG_WARN__DUPLICATE_METHOD_MATCH = YES;
				COPY_PHASE_STRIP = NO;
				DEBUG_INFORMATION_FORMAT = dwarf;
				ENABLE_STRICT_OBJC_MSGSEND = YES;
				ENABLE_TESTABILITY = YES;
				GCC_C_LANGUAGE_STANDARD = gnu11;
				GCC_DYNAMIC_NO_PIC = NO;
				GCC_NO_COMMON_BLOCKS = YES;
				GCC_OPTIMIZATION_LEVEL = 0;
				GCC_PREPROCESSOR_DEFINITIONS = (
					"DEBUG=1",
					"$(inherited)",
				);
				GCC_WARN_64_TO_32_BIT_CONVERSION = YES;
				GCC_WARN_ABOUT_RETURN_TYPE = YES_ERROR;
				GCC_WARN_UNDECLARED_SELECTOR = YES;
				GCC_WARN_UNINITIALIZED_AUTOS = YES_AGGRESSIVE;
				GCC_WARN_UNUSED_FUNCTION = YES;
				GCC_WARN_UNUSED_VARIABLE = YES;
				IPHONEOS_DEPLOYMENT_TARGET = 16.4;
				MTL_ENABLE_DEBUG_INFO = INCLUDE_SOURCE;
				MTL_FAST_MATH = YES;
				ONLY_ACTIVE_ARCH = YES;
				SDKROOT = iphoneos;
				SWIFT_ACTIVE_COMPILATION_CONDITIONS = DEBUG;
				SWIFT_OPTIMIZATION_LEVEL = "-Onone";
			};
			name = Debug;
		};
		93350E302A5C200F00FB8C8F /* Release */ = {
			isa = XCBuildConfiguration;
			buildSettings = {
				ALWAYS_SEARCH_USER_PATHS = NO;
				CLANG_ANALYZER_NONNULL = YES;
				CLANG_ANALYZER_NUMBER_OBJECT_CONVERSION = YES_AGGRESSIVE;
				CLANG_CXX_LANGUAGE_STANDARD = "gnu++20";
				CLANG_ENABLE_MODULES = YES;
				CLANG_ENABLE_OBJC_ARC = YES;
				CLANG_ENABLE_OBJC_WEAK = YES;
				CLANG_WARN_BLOCK_CAPTURE_AUTORELEASING = YES;
				CLANG_WARN_BOOL_CONVERSION = YES;
				CLANG_WARN_COMMA = YES;
				CLANG_WARN_CONSTANT_CONVERSION = YES;
				CLANG_WARN_DEPRECATED_OBJC_IMPLEMENTATIONS = YES;
				CLANG_WARN_DIRECT_OBJC_ISA_USAGE = YES_ERROR;
				CLANG_WARN_DOCUMENTATION_COMMENTS = YES;
				CLANG_WARN_EMPTY_BODY = YES;
				CLANG_WARN_ENUM_CONVERSION = YES;
				CLANG_WARN_INFINITE_RECURSION = YES;
				CLANG_WARN_INT_CONVERSION = YES;
				CLANG_WARN_NON_LITERAL_NULL_CONVERSION = YES;
				CLANG_WARN_OBJC_IMPLICIT_RETAIN_SELF = YES;
				CLANG_WARN_OBJC_LITERAL_CONVERSION = YES;
				CLANG_WARN_OBJC_ROOT_CLASS = YES_ERROR;
				CLANG_WARN_QUOTED_INCLUDE_IN_FRAMEWORK_HEADER = YES;
				CLANG_WARN_RANGE_LOOP_ANALYSIS = YES;
				CLANG_WARN_STRICT_PROTOTYPES = YES;
				CLANG_WARN_SUSPICIOUS_MOVE = YES;
				CLANG_WARN_UNGUARDED_AVAILABILITY = YES_AGGRESSIVE;
				CLANG_WARN_UNREACHABLE_CODE = YES;
				CLANG_WARN__DUPLICATE_METHOD_MATCH = YES;
				COPY_PHASE_STRIP = NO;
				DEBUG_INFORMATION_FORMAT = "dwarf-with-dsym";
				ENABLE_NS_ASSERTIONS = NO;
				ENABLE_STRICT_OBJC_MSGSEND = YES;
				GCC_C_LANGUAGE_STANDARD = gnu11;
				GCC_NO_COMMON_BLOCKS = YES;
				GCC_WARN_64_TO_32_BIT_CONVERSION = YES;
				GCC_WARN_ABOUT_RETURN_TYPE = YES_ERROR;
				GCC_WARN_UNDECLARED_SELECTOR = YES;
				GCC_WARN_UNINITIALIZED_AUTOS = YES_AGGRESSIVE;
				GCC_WARN_UNUSED_FUNCTION = YES;
				GCC_WARN_UNUSED_VARIABLE = YES;
				IPHONEOS_DEPLOYMENT_TARGET = 16.4;
				MTL_ENABLE_DEBUG_INFO = NO;
				MTL_FAST_MATH = YES;
				SDKROOT = iphoneos;
				SWIFT_COMPILATION_MODE = wholemodule;
				SWIFT_OPTIMIZATION_LEVEL = "-O";
				VALIDATE_PRODUCT = YES;
			};
			name = Release;
		};
		93350E322A5C200F00FB8C8F /* Debug */ = {
			isa = XCBuildConfiguration;
			buildSettings = {
				ASSETCATALOG_COMPILER_APPICON_NAME = AppIcon;
				ASSETCATALOG_COMPILER_GLOBAL_ACCENT_COLOR_NAME = AccentColor;
				CODE_SIGN_STYLE = Automatic;
				CURRENT_PROJECT_VERSION = 1;
				DEVELOPMENT_TEAM = 6RYG55F8TD;
				GENERATE_INFOPLIST_FILE = YES;
				INFOPLIST_FILE = "deezer-music-app/Info.plist";
				INFOPLIST_KEY_UIApplicationSupportsIndirectInputEvents = YES;
				INFOPLIST_KEY_UILaunchStoryboardName = LaunchScreen;
				INFOPLIST_KEY_UISupportedInterfaceOrientations_iPad = "UIInterfaceOrientationPortrait UIInterfaceOrientationPortraitUpsideDown UIInterfaceOrientationLandscapeLeft UIInterfaceOrientationLandscapeRight";
				INFOPLIST_KEY_UISupportedInterfaceOrientations_iPhone = "UIInterfaceOrientationPortrait UIInterfaceOrientationLandscapeLeft UIInterfaceOrientationLandscapeRight";
				IPHONEOS_DEPLOYMENT_TARGET = 13.0;
				LD_RUNPATH_SEARCH_PATHS = (
					"$(inherited)",
					"@executable_path/Frameworks",
				);
				MARKETING_VERSION = 1.0;
				PRODUCT_BUNDLE_IDENTIFIER = "kenanbaylan.deezer-music-app";
				PRODUCT_NAME = "$(TARGET_NAME)";
				SWIFT_EMIT_LOC_STRINGS = YES;
				SWIFT_VERSION = 5.0;
				TARGETED_DEVICE_FAMILY = "1,2";
			};
			name = Debug;
		};
		93350E332A5C200F00FB8C8F /* Release */ = {
			isa = XCBuildConfiguration;
			buildSettings = {
				ASSETCATALOG_COMPILER_APPICON_NAME = AppIcon;
				ASSETCATALOG_COMPILER_GLOBAL_ACCENT_COLOR_NAME = AccentColor;
				CODE_SIGN_STYLE = Automatic;
				CURRENT_PROJECT_VERSION = 1;
				DEVELOPMENT_TEAM = 6RYG55F8TD;
				GENERATE_INFOPLIST_FILE = YES;
				INFOPLIST_FILE = "deezer-music-app/Info.plist";
				INFOPLIST_KEY_UIApplicationSupportsIndirectInputEvents = YES;
				INFOPLIST_KEY_UILaunchStoryboardName = LaunchScreen;
				INFOPLIST_KEY_UISupportedInterfaceOrientations_iPad = "UIInterfaceOrientationPortrait UIInterfaceOrientationPortraitUpsideDown UIInterfaceOrientationLandscapeLeft UIInterfaceOrientationLandscapeRight";
				INFOPLIST_KEY_UISupportedInterfaceOrientations_iPhone = "UIInterfaceOrientationPortrait UIInterfaceOrientationLandscapeLeft UIInterfaceOrientationLandscapeRight";
				IPHONEOS_DEPLOYMENT_TARGET = 13.0;
				LD_RUNPATH_SEARCH_PATHS = (
					"$(inherited)",
					"@executable_path/Frameworks",
				);
				MARKETING_VERSION = 1.0;
				PRODUCT_BUNDLE_IDENTIFIER = "kenanbaylan.deezer-music-app";
				PRODUCT_NAME = "$(TARGET_NAME)";
				SWIFT_EMIT_LOC_STRINGS = YES;
				SWIFT_VERSION = 5.0;
				TARGETED_DEVICE_FAMILY = "1,2";
			};
			name = Release;
		};
		93350E352A5C200F00FB8C8F /* Debug */ = {
			isa = XCBuildConfiguration;
			buildSettings = {
				ALWAYS_EMBED_SWIFT_STANDARD_LIBRARIES = YES;
				BUNDLE_LOADER = "$(TEST_HOST)";
				CODE_SIGN_STYLE = Automatic;
				CURRENT_PROJECT_VERSION = 1;
				DEVELOPMENT_TEAM = 6RYG55F8TD;
				GENERATE_INFOPLIST_FILE = YES;
				IPHONEOS_DEPLOYMENT_TARGET = 16.4;
				MARKETING_VERSION = 1.0;
				PRODUCT_BUNDLE_IDENTIFIER = "kenanbaylan.deezer-music-appTests";
				PRODUCT_NAME = "$(TARGET_NAME)";
				SWIFT_EMIT_LOC_STRINGS = NO;
				SWIFT_VERSION = 5.0;
				TARGETED_DEVICE_FAMILY = "1,2";
				TEST_HOST = "$(BUILT_PRODUCTS_DIR)/deezer-music-app.app/$(BUNDLE_EXECUTABLE_FOLDER_PATH)/deezer-music-app";
			};
			name = Debug;
		};
		93350E362A5C200F00FB8C8F /* Release */ = {
			isa = XCBuildConfiguration;
			buildSettings = {
				ALWAYS_EMBED_SWIFT_STANDARD_LIBRARIES = YES;
				BUNDLE_LOADER = "$(TEST_HOST)";
				CODE_SIGN_STYLE = Automatic;
				CURRENT_PROJECT_VERSION = 1;
				DEVELOPMENT_TEAM = 6RYG55F8TD;
				GENERATE_INFOPLIST_FILE = YES;
				IPHONEOS_DEPLOYMENT_TARGET = 16.4;
				MARKETING_VERSION = 1.0;
				PRODUCT_BUNDLE_IDENTIFIER = "kenanbaylan.deezer-music-appTests";
				PRODUCT_NAME = "$(TARGET_NAME)";
				SWIFT_EMIT_LOC_STRINGS = NO;
				SWIFT_VERSION = 5.0;
				TARGETED_DEVICE_FAMILY = "1,2";
				TEST_HOST = "$(BUILT_PRODUCTS_DIR)/deezer-music-app.app/$(BUNDLE_EXECUTABLE_FOLDER_PATH)/deezer-music-app";
			};
			name = Release;
		};
		93350E382A5C200F00FB8C8F /* Debug */ = {
			isa = XCBuildConfiguration;
			buildSettings = {
				ALWAYS_EMBED_SWIFT_STANDARD_LIBRARIES = YES;
				CODE_SIGN_STYLE = Automatic;
				CURRENT_PROJECT_VERSION = 1;
				DEVELOPMENT_TEAM = 6RYG55F8TD;
				GENERATE_INFOPLIST_FILE = YES;
				MARKETING_VERSION = 1.0;
				PRODUCT_BUNDLE_IDENTIFIER = "kenanbaylan.deezer-music-appUITests";
				PRODUCT_NAME = "$(TARGET_NAME)";
				SWIFT_EMIT_LOC_STRINGS = NO;
				SWIFT_VERSION = 5.0;
				TARGETED_DEVICE_FAMILY = "1,2";
				TEST_TARGET_NAME = "deezer-music-app";
			};
			name = Debug;
		};
		93350E392A5C200F00FB8C8F /* Release */ = {
			isa = XCBuildConfiguration;
			buildSettings = {
				ALWAYS_EMBED_SWIFT_STANDARD_LIBRARIES = YES;
				CODE_SIGN_STYLE = Automatic;
				CURRENT_PROJECT_VERSION = 1;
				DEVELOPMENT_TEAM = 6RYG55F8TD;
				GENERATE_INFOPLIST_FILE = YES;
				MARKETING_VERSION = 1.0;
				PRODUCT_BUNDLE_IDENTIFIER = "kenanbaylan.deezer-music-appUITests";
				PRODUCT_NAME = "$(TARGET_NAME)";
				SWIFT_EMIT_LOC_STRINGS = NO;
				SWIFT_VERSION = 5.0;
				TARGETED_DEVICE_FAMILY = "1,2";
				TEST_TARGET_NAME = "deezer-music-app";
			};
			name = Release;
		};
/* End XCBuildConfiguration section */

/* Begin XCConfigurationList section */
		93350DFF2A5C200D00FB8C8F /* Build configuration list for PBXProject "deezer-music-app" */ = {
			isa = XCConfigurationList;
			buildConfigurations = (
				93350E2F2A5C200F00FB8C8F /* Debug */,
				93350E302A5C200F00FB8C8F /* Release */,
			);
			defaultConfigurationIsVisible = 0;
			defaultConfigurationName = Release;
		};
		93350E312A5C200F00FB8C8F /* Build configuration list for PBXNativeTarget "deezer-music-app" */ = {
			isa = XCConfigurationList;
			buildConfigurations = (
				93350E322A5C200F00FB8C8F /* Debug */,
				93350E332A5C200F00FB8C8F /* Release */,
			);
			defaultConfigurationIsVisible = 0;
			defaultConfigurationName = Release;
		};
		93350E342A5C200F00FB8C8F /* Build configuration list for PBXNativeTarget "deezer-music-appTests" */ = {
			isa = XCConfigurationList;
			buildConfigurations = (
				93350E352A5C200F00FB8C8F /* Debug */,
				93350E362A5C200F00FB8C8F /* Release */,
			);
			defaultConfigurationIsVisible = 0;
			defaultConfigurationName = Release;
		};
		93350E372A5C200F00FB8C8F /* Build configuration list for PBXNativeTarget "deezer-music-appUITests" */ = {
			isa = XCConfigurationList;
			buildConfigurations = (
				93350E382A5C200F00FB8C8F /* Debug */,
				93350E392A5C200F00FB8C8F /* Release */,
			);
			defaultConfigurationIsVisible = 0;
			defaultConfigurationName = Release;
		};
/* End XCConfigurationList section */

/* Begin XCRemoteSwiftPackageReference section */
		93350E7F2A5D3D4E00FB8C8F /* XCRemoteSwiftPackageReference "Alamofire" */ = {
			isa = XCRemoteSwiftPackageReference;
			repositoryURL = "https://github.com/Alamofire/Alamofire.git";
			requirement = {
				kind = upToNextMajorVersion;
				minimumVersion = 5.0.0;
			};
		};
		93350E822A5D3DDF00FB8C8F /* XCRemoteSwiftPackageReference "Kingfisher" */ = {
			isa = XCRemoteSwiftPackageReference;
			repositoryURL = "https://github.com/onevcat/Kingfisher.git";
			requirement = {
				kind = upToNextMajorVersion;
				minimumVersion = 7.0.0;
			};
		};
/* End XCRemoteSwiftPackageReference section */

/* Begin XCSwiftPackageProductDependency section */
		93350E802A5D3D4E00FB8C8F /* Alamofire */ = {
			isa = XCSwiftPackageProductDependency;
			package = 93350E7F2A5D3D4E00FB8C8F /* XCRemoteSwiftPackageReference "Alamofire" */;
			productName = Alamofire;
		};
		93350E832A5D3DDF00FB8C8F /* Kingfisher */ = {
			isa = XCSwiftPackageProductDependency;
			package = 93350E822A5D3DDF00FB8C8F /* XCRemoteSwiftPackageReference "Kingfisher" */;
			productName = Kingfisher;
		};
/* End XCSwiftPackageProductDependency section */
	};
	rootObject = 93350DFC2A5C200D00FB8C8F /* Project object */;
}
